
Microsoft Visual Studio Solution File, Format Version 12.00
# Visual Studio Version 16
VisualStudioVersion = 16.0.31424.327
MinimumVisualStudioVersion = 10.0.40219.1
Project("{FAE04EC0-301F-11D3-BF4B-00C04F79EFBC}") = "ApiChallenge", "ApiChallenge.csproj", "{464E2F28-EF3B-4C6D-9706-594BAEEB3DBF}"
EndProject
Global
	GlobalSection(SolutionConfigurationPlatforms) = preSolution
		Debug|Any CPU = Debug|Any CPU
		Release|Any CPU = Release|Any CPU
	EndGlobalSection
	GlobalSection(ProjectConfigurationPlatforms) = postSolution
		{464E2F28-EF3B-4C6D-9706-594BAEEB3DBF}.Debug|Any CPU.ActiveCfg = Debug|Any CPU
		{464E2F28-EF3B-4C6D-9706-594BAEEB3DBF}.Debug|Any CPU.Build.0 = Debug|Any CPU
		{464E2F28-EF3B-4C6D-9706-594BAEEB3DBF}.Release|Any CPU.ActiveCfg = Release|Any CPU
		{464E2F28-EF3B-4C6D-9706-594BAEEB3DBF}.Release|Any CPU.Build.0 = Release|Any CPU
	EndGlobalSection
	GlobalSection(SolutionProperties) = preSolution
		HideSolutionNode = FALSE
	EndGlobalSection
	GlobalSection(ExtensibilityGlobals) = postSolution
		SolutionGuid = {4205149C-AB8B-49EB-8349-2C99FFE96CB2}
	EndGlobalSection
EndGlobal
